{
  "name": "pdf-to-svg",
  "version": "1.0.0",
  "lockfileVersion": 3,
  "requires": true,
  "packages": {
    "": {
      "name": "pdf-to-svg",
      "version": "1.0.0",
      "license": "ISC",
      "dependencies": {
        "mupdf": "^0.2.0"
      }
    },
    "node_modules/mupdf": {
      "version": "0.2.0",
      "resolved": "https://registry.npmjs.org/mupdf/-/mupdf-0.2.0.tgz",
      "integrity": "sha512-pbJaU+QVJIN15j+RirbgkTgHkEGcbX7uY9AEF65h7VHsFyFH13RcKKJw5npZhrzdlspOEdn+0KW+FuU54xGmcw=="
    }
  }
}
